// !$*UTF8*$!
{
	archiveVersion = 1;
	classes = {
	};
	objectVersion = 46;
	objects = {

/* Begin PBXBuildFile section */
		8E24F81C1D20BB5100CE97E3 /* main.m in Sources */ = {isa = PBXBuildFile; fileRef = 8E24F81B1D20BB5100CE97E3 /* main.m */; };
		8E24F81F1D20BB5100CE97E3 /* AppDelegate.m in Sources */ = {isa = PBXBuildFile; fileRef = 8E24F81E1D20BB5100CE97E3 /* AppDelegate.m */; };
		8E24F8221D20BB5100CE97E3 /* ViewController.m in Sources */ = {isa = PBXBuildFile; fileRef = 8E24F8211D20BB5100CE97E3 /* ViewController.m */; };
		8E24F8251D20BB5100CE97E3 /* Main.storyboard in Resources */ = {isa = PBXBuildFile; fileRef = 8E24F8231D20BB5100CE97E3 /* Main.storyboard */; };
		8E24F8271D20BB5100CE97E3 /* Assets.xcassets in Resources */ = {isa = PBXBuildFile; fileRef = 8E24F8261D20BB5100CE97E3 /* Assets.xcassets */; };
		8E24F82A1D20BB5100CE97E3 /* LaunchScreen.storyboard in Resources */ = {isa = PBXBuildFile; fileRef = 8E24F8281D20BB5100CE97E3 /* LaunchScreen.storyboard */; };
		8E24F8341D20BB8600CE97E3 /* UINavigationController+BarAlpha.m in Sources */ = {isa = PBXBuildFile; fileRef = 8E24F8331D20BB8600CE97E3 /* UINavigationController+BarAlpha.m */; };
/* End PBXBuildFile section */

/* Begin PBXFileReference section */
		8E24F8171D20BB5100CE97E3 /* EasywayFadeNavigationBar.app */ = {isa = PBXFileReference; explicitFileType = wrapper.application; includeInIndex = 0; path = EasywayFadeNavigationBar.app; sourceTree = BUILT_PRODUCTS_DIR; };
		8E24F81B1D20BB5100CE97E3 /* main.m */ = {isa = PBXFileReference; lastKnownFileType = sourcecode.c.objc; path = main.m; sourceTree = "<group>"; };
		8E24F81D1D20BB5100CE97E3 /* AppDelegate.h */ = {isa = PBXFileReference; lastKnownFileType = sourcecode.c.h; path = AppDelegate.h; sourceTree = "<group>"; };
		8E24F81E1D20BB5100CE97E3 /* AppDelegate.m */ = {isa = PBXFileReference; lastKnownFileType = sourcecode.c.objc; path = AppDelegate.m; sourceTree = "<group>"; };
		8E24F8201D20BB5100CE97E3 /* ViewController.h */ = {isa = PBXFileReference; lastKnownFileType = sourcecode.c.h; path = ViewController.h; sourceTree = "<group>"; };
		8E24F8211D20BB5100CE97E3 /* ViewController.m */ = {isa = PBXFileReference; lastKnownFileType = sourcecode.c.objc; path = ViewController.m; sourceTree = "<group>"; };
		8E24F8241D20BB5100CE97E3 /* Base */ = {isa = PBXFileReference; lastKnownFileType = file.storyboard; name = Base; path = Base.lproj/Main.storyboard; sourceTree = "<group>"; };
		8E24F8261D20BB5100CE97E3 /* Assets.xcassets */ = {isa = PBXFileReference; lastKnownFileType = folder.assetcatalog; path = Assets.xcassets; sourceTree = "<group>"; };
		8E24F8291D20BB5100CE97E3 /* Base */ = {isa = PBXFileReference; lastKnownFileType = file.storyboard; name = Base; path = Base.lproj/LaunchScreen.storyboard; sourceTree = "<group>"; };
		8E24F82B1D20BB5100CE97E3 /* Info.plist */ = {isa = PBXFileReference; lastKnownFileType = text.plist.xml; path = Info.plist; sourceTree = "<group>"; };
		8E24F8321D20BB8600CE97E3 /* UINavigationController+BarAlpha.h */ = {isa = PBXFileReference; fileEncoding = 4; lastKnownFileType = sourcecode.c.h; path = "UINavigationController+BarAlpha.h"; sourceTree = "<group>"; };
		8E24F8331D20BB8600CE97E3 /* UINavigationController+BarAlpha.m */ = {isa = PBXFileReference; fileEncoding = 4; lastKnownFileType = sourcecode.c.objc; path = "UINavigationController+BarAlpha.m"; sourceTree = "<group>"; };
/* End PBXFileReference section */

/* Begin PBXFrameworksBuildPhase section */
		8E24F8141D20BB5100CE97E3 /* Frameworks */ = {
			isa = PBXFrameworksBuildPhase;
			buildActionMask = 2147483647;
			files = (
			);
			runOnlyForDeploymentPostprocessing = 0;
		};
/* End PBXFrameworksBuildPhase section */

/* Begin PBXGroup section */
		8E24F80E1D20BB5100CE97E3 = {
			isa = PBXGroup;
			children = (
				8E24F8191D20BB5100CE97E3 /* EasywayFadeNavigationBar */,
				8E24F8181D20BB5100CE97E3 /* Products */,
			);
			sourceTree = "<group>";
		};
		8E24F8181D20BB5100CE97E3 /* Products */ = {
			isa = PBXGroup;
			children = (
				8E24F8171D20BB5100CE97E3 /* EasywayFadeNavigationBar.app */,
			);
			name = Products;
			sourceTree = "<group>";
		};
		8E24F8191D20BB5100CE97E3 /* EasywayFadeNavigationBar */ = {
			isa = PBXGroup;
			children = (
				8E24F8311D20BB6F00CE97E3 /* FadeBar */,
				8E24F81D1D20BB5100CE97E3 /* AppDelegate.h */,
				8E24F81E1D20BB5100CE97E3 /* AppDelegate.m */,
				8E24F8201D20BB5100CE97E3 /* ViewController.h */,
				8E24F8211D20BB5100CE97E3 /* ViewController.m */,
				8E24F8231D20BB5100CE97E3 /* Main.storyboard */,
				8E24F8261D20BB5100CE97E3 /* Assets.xcassets */,
				8E24F8281D20BB5100CE97E3 /* LaunchScreen.storyboard */,
				8E24F82B1D20BB5100CE97E3 /* Info.plist */,
				8E24F81A1D20BB5100CE97E3 /* Supporting Files */,
			);
			path = EasywayFadeNavigationBar;
			sourceTree = "<group>";
		};
		8E24F81A1D20BB5100CE97E3 /* Supporting Files */ = {
			isa = PBXGroup;
			children = (
				8E24F81B1D20BB5100CE97E3 /* main.m */,
			);
			name = "Supporting Files";
			sourceTree = "<group>";
		};
		8E24F8311D20BB6F00CE97E3 /* FadeBar */ = {
			isa = PBXGroup;
			children = (
				8E24F8321D20BB8600CE97E3 /* UINavigationController+BarAlpha.h */,
				8E24F8331D20BB8600CE97E3 /* UINavigationController+BarAlpha.m */,
			);
			name = FadeBar;
			sourceTree = "<group>";
		};
/* End PBXGroup section */

/* Begin PBXNativeTarget section */
		8E24F8161D20BB5100CE97E3 /* EasywayFadeNavigationBar */ = {
			isa = PBXNativeTarget;
			buildConfigurationList = 8E24F82E1D20BB5100CE97E3 /* Build configuration list for PBXNativeTarget "EasywayFadeNavigationBar" */;
			buildPhases = (
				8E24F8131D20BB5100CE97E3 /* Sources */,
				8E24F8141D20BB5100CE97E3 /* Frameworks */,
				8E24F8151D20BB5100CE97E3 /* Resources */,
			);
			buildRules = (
			);
			dependencies = (
			);
			name = EasywayFadeNavigationBar;
			productName = EasywayFadeNavigationBar;
			productReference = 8E24F8171D20BB5100CE97E3 /* EasywayFadeNavigationBar.app */;
			productType = "com.apple.product-type.application";
		};
/* End PBXNativeTarget section */

/* Begin PBXProject section */
		8E24F80F1D20BB5100CE97E3 /* Project object */ = {
			isa = PBXProject;
			attributes = {
				LastUpgradeCheck = 0730;
				ORGANIZATIONNAME = stone;
				TargetAttributes = {
					8E24F8161D20BB5100CE97E3 = {
						CreatedOnToolsVersion = 7.3.1;
					};
				};
			};
			buildConfigurationList = 8E24F8121D20BB5100CE97E3 /* Build configuration list for PBXProject "EasywayFadeNavigationBar" */;
			compatibilityVersion = "Xcode 3.2";
			developmentRegion = English;
			hasScannedForEncodings = 0;
			knownRegions = (
				en,
				Base,
			);
			mainGroup = 8E24F80E1D20BB5100CE97E3;
			productRefGroup = 8E24F8181D20BB5100CE97E3 /* Products */;
			projectDirPath = "";
			projectRoot = "";
			targets = (
				8E24F8161D20BB5100CE97E3 /* EasywayFadeNavigationBar */,
			);
		};
/* End PBXProject section */

/* Begin PBXResourcesBuildPhase section */
		8E24F8151D20BB5100CE97E3 /* Resources */ = {
			isa = PBXResourcesBuildPhase;
			buildActionMask = 2147483647;
			files = (
				8E24F82A1D20BB5100CE97E3 /* LaunchScreen.storyboard in Resources */,
				8E24F8271D20BB5100CE97E3 /* Assets.xcassets in Resources */,
				8E24F8251D20BB5100CE97E3 /* Main.storyboard in Resources */,
			);
			runOnlyForDeploymentPostprocessing = 0;
		};
/* End PBXResourcesBuildPhase section */

/* Begin PBXSourcesBuildPhase section */
		8E24F8131D20BB5100CE97E3 /* Sources */ = {
			isa = PBXSourcesBuildPhase;
			buildActionMask = 2147483647;
			files = (
				8E24F8341D20BB8600CE97E3 /* UINavigationController+BarAlpha.m in Sources */,
				8E24F8221D20BB5100CE97E3 /* ViewController.m in Sources */,
				8E24F81F1D20BB5100CE97E3 /* AppDelegate.m in Sources */,
				8E24F81C1D20BB5100CE97E3 /* main.m in Sources */,
			);
			runOnlyForDeploymentPostprocessing = 0;
		};
/* End PBXSourcesBuildPhase section */

/* Begin PBXVariantGroup section */
		8E24F8231D20BB5100CE97E3 /* Main.storyboard */ = {
			isa = PBXVariantGroup;
			children = (
				8E24F8241D20BB5100CE97E3 /* Base */,
			);
			name = Main.storyboard;
			sourceTree = "<group>";
		};
		8E24F8281D20BB5100CE97E3 /* LaunchScreen.storyboard */ = {
			isa = PBXVariantGroup;
			children = (
				8E24F8291D20BB5100CE97E3 /* Base */,
			);
			name = LaunchScreen.storyboard;
			sourceTree = "<group>";
		};
/* End PBXVariantGroup section */

/* Begin XCBuildConfiguration section */
		8E24F82C1D20BB5100CE97E3 /* Debug */ = {
			isa = XCBuildConfiguration;
			buildSettings = {
				ALWAYS_SEARCH_USER_PATHS = NO;
				CLANG_ANALYZER_NONNULL = YES;
				CLANG_CXX_LANGUAGE_STANDARD = "gnu++0x";
				CLANG_CXX_LIBRARY = "libc++";
				CLANG_ENABLE_MODULES = YES;
				CLANG_ENABLE_OBJC_ARC = YES;
				CLANG_WARN_BOOL_CONVERSION = YES;
				CLANG_WARN_CONSTANT_CONVERSION = YES;
				CLANG_WARN_DIRECT_OBJC_ISA_USAGE = YES_ERROR;
				CLANG_WARN_EMPTY_BODY = YES;
				CLANG_WARN_ENUM_CONVERSION = YES;
				CLANG_WARN_INT_CONVERSION = YES;
				CLANG_WARN_OBJC_ROOT_CLASS = YES_ERROR;
				CLANG_WARN_UNREACHABLE_CODE = YES;
				CLANG_WARN__DUPLICATE_METHOD_MATCH = YES;
				"CODE_SIGN_IDENTITY[sdk=iphoneos*]" = "iPhone Developer";
				COPY_PHASE_STRIP = NO;
				DEBUG_INFORMATION_FORMAT = dwarf;
				ENABLE_STRICT_OBJC_MSGSEND = YES;
				ENABLE_TESTABILITY = YES;
				GCC_C_LANGUAGE_STANDARD = gnu99;
				GCC_DYNAMIC_NO_PIC = NO;
				GCC_NO_COMMON_BLOCKS = YES;
				GCC_OPTIMIZATION_LEVEL = 0;
				GCC_PREPROCESSOR_DEFINITIONS = (
					"DEBUG=1",
					"$(inherited)",
				);
				GCC_WARN_64_TO_32_BIT_CONVERSION = YES;
				GCC_WARN_ABOUT_RETURN_TYPE = YES_ERROR;
				GCC_WARN_UNDECLARED_SELECTOR = YES;
				GCC_WARN_UNINITIALIZED_AUTOS = YES_AGGRESSIVE;
				GCC_WARN_UNUSED_FUNCTION = YES;
				GCC_WARN_UNUSED_VARIABLE = YES;
				IPHONEOS_DEPLOYMENT_TARGET = 9.3;
				MTL_ENABLE_DEBUG_INFO = YES;
				ONLY_ACTIVE_ARCH = YES;
				SDKROOT = iphoneos;
			};
			name = Debug;
		};
		8E24F82D1D20BB5100CE97E3 /* Release */ = {
			isa = XCBuildConfiguration;
			buildSettings = {
				ALWAYS_SEARCH_USER_PATHS = NO;
				CLANG_ANALYZER_NONNULL = YES;
				CLANG_CXX_LANGUAGE_STANDARD = "gnu++0x";
				CLANG_CXX_LIBRARY = "libc++";
				CLANG_ENABLE_MODULES = YES;
				CLANG_ENABLE_OBJC_ARC = YES;
				CLANG_WARN_BOOL_CONVERSION = YES;
				CLANG_WARN_CONSTANT_CONVERSION = YES;
				CLANG_WARN_DIRECT_OBJC_ISA_USAGE = YES_ERROR;
				CLANG_WARN_EMPTY_BODY = YES;
				CLANG_WARN_ENUM_CONVERSION = YES;
				CLANG_WARN_INT_CONVERSION = YES;
				CLANG_WARN_OBJC_ROOT_CLASS = YES_ERROR;
				CLANG_WARN_UNREACHABLE_CODE = YES;
				CLANG_WARN__DUPLICATE_METHOD_MATCH = YES;
				"CODE_SIGN_IDENTITY[sdk=iphoneos*]" = "iPhone Developer";
				COPY_PHASE_STRIP = NO;
				DEBUG_INFORMATION_FORMAT = "dwarf-with-dsym";
				ENABLE_NS_ASSERTIONS = NO;
				ENABLE_STRICT_OBJC_MSGSEND = YES;
				GCC_C_LANGUAGE_STANDARD = gnu99;
				GCC_NO_COMMON_BLOCKS = YES;
				GCC_WARN_64_TO_32_BIT_CONVERSION = YES;
				GCC_WARN_ABOUT_RETURN_TYPE = YES_ERROR;
				GCC_WARN_UNDECLARED_SELECTOR = YES;
				GCC_WARN_UNINITIALIZED_AUTOS = YES_AGGRESSIVE;
				GCC_WARN_UNUSED_FUNCTION = YES;
				GCC_WARN_UNUSED_VARIABLE = YES;
				IPHONEOS_DEPLOYMENT_TARGET = 9.3;
				MTL_ENABLE_DEBUG_INFO = NO;
				SDKROOT = iphoneos;
				VALIDATE_PRODUCT = YES;
			};
			name = Release;
		};
		8E24F82F1D20BB5100CE97E3 /* Debug */ = {
			isa = XCBuildConfiguration;
			buildSettings = {
				ASSETCATALOG_COMPILER_APPICON_NAME = AppIcon;
				INFOPLIST_FILE = EasywayFadeNavigationBar/Info.plist;
				LD_RUNPATH_SEARCH_PATHS = "$(inherited) @executable_path/Frameworks";
				PRODUCT_BUNDLE_IDENTIFIER = com.stone.EasywayFadeNavigationBar;
				PRODUCT_NAME = "$(TARGET_NAME)";
			};
			name = Debug;
		};
		8E24F8301D20BB5100CE97E3 /* Release */ = {
			isa = XCBuildConfiguration;
			buildSettings = {
				ASSETCATALOG_COMPILER_APPICON_NAME = AppIcon;
				INFOPLIST_FILE = EasywayFadeNavigationBar/Info.plist;
				LD_RUNPATH_SEARCH_PATHS = "$(inherited) @executable_path/Frameworks";
				PRODUCT_BUNDLE_IDENTIFIER = com.stone.EasywayFadeNavigationBar;
				PRODUCT_NAME = "$(TARGET_NAME)";
			};
			name = Release;
		};
/* End XCBuildConfiguration section */

/* Begin XCConfigurationList section */
		8E24F8121D20BB5100CE97E3 /* Build configuration list for PBXProject "EasywayFadeNavigationBar" */ = {
			isa = XCConfigurationList;
			buildConfigurations = (
				8E24F82C1D20BB5100CE97E3 /* Debug */,
				8E24F82D1D20BB5100CE97E3 /* Release */,
			);
			defaultConfigurationIsVisible = 0;
			defaultConfigurationName = Release;
		};
		8E24F82E1D20BB5100CE97E3 /* Build configuration list for PBXNativeTarget "EasywayFadeNavigationBar" */ = {
			isa = XCConfigurationList;
			buildConfigurations = (
				8E24F82F1D20BB5100CE97E3 /* Debug */,
				8E24F8301D20BB5100CE97E3 /* Release */,
			);
			defaultConfigurationIsVisible = 0;
		};
/* End XCConfigurationList section */
	};
	rootObject = 8E24F80F1D20BB5100CE97E3 /* Project object */;
}
